
Microsoft Visual Studio Solution File, Format Version 11.00
# Visual Studio 2010
Project("{FAE04EC0-301F-11D3-BF4B-00C04F79EFBC}") = "Buscador.Web", "Buscador.Web\Buscador.Web.csproj", "{A4A10468-D2CC-48B8-8CDF-0F2967E706AC}"
EndProject
Project("{FAE04EC0-301F-11D3-BF4B-00C04F79EFBC}") = "Buscador.Domain", "Buscador.Domain\Buscador.Domain.csproj", "{76D07C82-5B4D-408D-8E1B-FEEFDF065173}"
EndProject
Project("{FAE04EC0-301F-11D3-BF4B-00C04F79EFBC}") = "Buscador.Domain.Test", "Buscador.Domain.Test\Buscador.Domain.Test.csproj", "{DADA4389-3FBB-4FEE-A933-5F7A03932778}"
EndProject
Project("{FAE04EC0-301F-11D3-BF4B-00C04F79EFBC}") = "Buscador.Web.Test", "Buscador.Web.Test\Buscador.Web.Test.csproj", "{FCB1AF23-DAD6-492E-A3A1-E12DD35F3463}"
EndProject
Project("{FAE04EC0-301F-11D3-BF4B-00C04F79EFBC}") = "Buscador.Services", "Buscador.Services\Buscador.Services.csproj", "{0D74AAEA-9800-4F51-9904-05D4913DD089}"
EndProject
Project("{FAE04EC0-301F-11D3-BF4B-00C04F79EFBC}") = "Buscador.Services.Test", "Buscador.Services.Test\Buscador.Services.Test.csproj", "{71FA479D-DC0F-446A-A620-259932BFB051}"
EndProject
Project("{FAE04EC0-301F-11D3-BF4B-00C04F79EFBC}") = "Buscador.Web.Controllers", "Buscador.Web.Controllers\Buscador.Web.Controllers.csproj", "{0C75EF71-F1BB-437F-A388-71635AD78106}"
EndProject
Project("{FAE04EC0-301F-11D3-BF4B-00C04F79EFBC}") = "SolrNet", "SolrNet\SolrNet.csproj", "{CEEB8690-3E08-4440-B647-787A58E71CFA}"
EndProject
Project("{FAE04EC0-301F-11D3-BF4B-00C04F79EFBC}") = "SolrNet.DSL", "SolrNet.DSL\SolrNet.DSL.csproj", "{385E2EC3-885B-43D5-A86B-955692058BA0}"
EndProject
Project("{2150E333-8FDC-42A3-9474-1A3956D46DE8}") = "Solution Items", "Solution Items", "{EB2BC568-8383-432C-9D3A-8EB5592702BD}"
EndProject
Project("{FAE04EC0-301F-11D3-BF4B-00C04F79EFBC}") = "Buscador.Contracts", "Buscador.Contracts\Buscador.Contracts.csproj", "{DCCADF6C-7E92-4BB7-A134-65AFB964A0BD}"
EndProject
Project("{FAE04EC0-301F-11D3-BF4B-00C04F79EFBC}") = "Buscador.WCFServerWeb", "Buscador.WCFServerWeb\Buscador.WCFServerWeb.csproj", "{537B7B50-F8DC-4522-BD8C-DD94E9C88E57}"
EndProject
Project("{FAE04EC0-301F-11D3-BF4B-00C04F79EFBC}") = "Buscador.Web.Controllers.Test", "Buscador.Web.Controllers.Test\Buscador.Web.Controllers.Test.csproj", "{C1068ED1-6696-437C-8969-CA476D142314}"
EndProject
Project("{FAE04EC0-301F-11D3-BF4B-00C04F79EFBC}") = "Buscador.WCFServerWeb.Test", "Buscador.WCFServerWeb.Test\Buscador.WCFServerWeb.Test.csproj", "{C8ECCFD0-FC8C-43EF-B46F-5FA362DA5B85}"
	ProjectSection(ProjectDependencies) = postProject
		{537B7B50-F8DC-4522-BD8C-DD94E9C88E57} = {537B7B50-F8DC-4522-BD8C-DD94E9C88E57}
	EndProjectSection
EndProject
Project("{FAE04EC0-301F-11D3-BF4B-00C04F79EFBC}") = "Buscador.Processes", "Buscador.Processes\Buscador.Processes.csproj", "{3F9185F1-0F9D-4468-929D-E95C4C41BA1E}"
EndProject
Global
	GlobalSection(SolutionConfigurationPlatforms) = preSolution
		Debug|Any CPU = Debug|Any CPU
		Debug|Mixed Platforms = Debug|Mixed Platforms
		Debug|x86 = Debug|x86
		Release|Any CPU = Release|Any CPU
		Release|Mixed Platforms = Release|Mixed Platforms
		Release|x86 = Release|x86
	EndGlobalSection
	GlobalSection(ProjectConfigurationPlatforms) = postSolution
		{A4A10468-D2CC-48B8-8CDF-0F2967E706AC}.Debug|Any CPU.ActiveCfg = Debug|Any CPU
		{A4A10468-D2CC-48B8-8CDF-0F2967E706AC}.Debug|Any CPU.Build.0 = Debug|Any CPU
		{A4A10468-D2CC-48B8-8CDF-0F2967E706AC}.Debug|Mixed Platforms.ActiveCfg = Debug|Any CPU
		{A4A10468-D2CC-48B8-8CDF-0F2967E706AC}.Debug|Mixed Platforms.Build.0 = Debug|Any CPU
		{A4A10468-D2CC-48B8-8CDF-0F2967E706AC}.Debug|x86.ActiveCfg = Debug|Any CPU
		{A4A10468-D2CC-48B8-8CDF-0F2967E706AC}.Release|Any CPU.ActiveCfg = Release|Any CPU
		{A4A10468-D2CC-48B8-8CDF-0F2967E706AC}.Release|Any CPU.Build.0 = Release|Any CPU
		{A4A10468-D2CC-48B8-8CDF-0F2967E706AC}.Release|Mixed Platforms.ActiveCfg = Release|Any CPU
		{A4A10468-D2CC-48B8-8CDF-0F2967E706AC}.Release|Mixed Platforms.Build.0 = Release|Any CPU
		{A4A10468-D2CC-48B8-8CDF-0F2967E706AC}.Release|x86.ActiveCfg = Release|Any CPU
		{76D07C82-5B4D-408D-8E1B-FEEFDF065173}.Debug|Any CPU.ActiveCfg = Debug|Any CPU
		{76D07C82-5B4D-408D-8E1B-FEEFDF065173}.Debug|Any CPU.Build.0 = Debug|Any CPU
		{76D07C82-5B4D-408D-8E1B-FEEFDF065173}.Debug|Mixed Platforms.ActiveCfg = Debug|Any CPU
		{76D07C82-5B4D-408D-8E1B-FEEFDF065173}.Debug|Mixed Platforms.Build.0 = Debug|Any CPU
		{76D07C82-5B4D-408D-8E1B-FEEFDF065173}.Debug|x86.ActiveCfg = Debug|Any CPU
		{76D07C82-5B4D-408D-8E1B-FEEFDF065173}.Release|Any CPU.ActiveCfg = Release|Any CPU
		{76D07C82-5B4D-408D-8E1B-FEEFDF065173}.Release|Any CPU.Build.0 = Release|Any CPU
		{76D07C82-5B4D-408D-8E1B-FEEFDF065173}.Release|Mixed Platforms.ActiveCfg = Release|Any CPU
		{76D07C82-5B4D-408D-8E1B-FEEFDF065173}.Release|Mixed Platforms.Build.0 = Release|Any CPU
		{76D07C82-5B4D-408D-8E1B-FEEFDF065173}.Release|x86.ActiveCfg = Release|Any CPU
		{DADA4389-3FBB-4FEE-A933-5F7A03932778}.Debug|Any CPU.ActiveCfg = Debug|Any CPU
		{DADA4389-3FBB-4FEE-A933-5F7A03932778}.Debug|Any CPU.Build.0 = Debug|Any CPU
		{DADA4389-3FBB-4FEE-A933-5F7A03932778}.Debug|Mixed Platforms.ActiveCfg = Debug|Any CPU
		{DADA4389-3FBB-4FEE-A933-5F7A03932778}.Debug|Mixed Platforms.Build.0 = Debug|Any CPU
		{DADA4389-3FBB-4FEE-A933-5F7A03932778}.Debug|x86.ActiveCfg = Debug|Any CPU
		{DADA4389-3FBB-4FEE-A933-5F7A03932778}.Release|Any CPU.ActiveCfg = Release|Any CPU
		{DADA4389-3FBB-4FEE-A933-5F7A03932778}.Release|Any CPU.Build.0 = Release|Any CPU
		{DADA4389-3FBB-4FEE-A933-5F7A03932778}.Release|Mixed Platforms.ActiveCfg = Release|Any CPU
		{DADA4389-3FBB-4FEE-A933-5F7A03932778}.Release|Mixed Platforms.Build.0 = Release|Any CPU
		{DADA4389-3FBB-4FEE-A933-5F7A03932778}.Release|x86.ActiveCfg = Release|Any CPU
		{FCB1AF23-DAD6-492E-A3A1-E12DD35F3463}.Debug|Any CPU.ActiveCfg = Debug|Any CPU
		{FCB1AF23-DAD6-492E-A3A1-E12DD35F3463}.Debug|Any CPU.Build.0 = Debug|Any CPU
		{FCB1AF23-DAD6-492E-A3A1-E12DD35F3463}.Debug|Mixed Platforms.ActiveCfg = Debug|Any CPU
		{FCB1AF23-DAD6-492E-A3A1-E12DD35F3463}.Debug|Mixed Platforms.Build.0 = Debug|Any CPU
		{FCB1AF23-DAD6-492E-A3A1-E12DD35F3463}.Debug|x86.ActiveCfg = Debug|Any CPU
		{FCB1AF23-DAD6-492E-A3A1-E12DD35F3463}.Release|Any CPU.ActiveCfg = Release|Any CPU
		{FCB1AF23-DAD6-492E-A3A1-E12DD35F3463}.Release|Any CPU.Build.0 = Release|Any CPU
		{FCB1AF23-DAD6-492E-A3A1-E12DD35F3463}.Release|Mixed Platforms.ActiveCfg = Release|Any CPU
		{FCB1AF23-DAD6-492E-A3A1-E12DD35F3463}.Release|Mixed Platforms.Build.0 = Release|Any CPU
		{FCB1AF23-DAD6-492E-A3A1-E12DD35F3463}.Release|x86.ActiveCfg = Release|Any CPU
		{0D74AAEA-9800-4F51-9904-05D4913DD089}.Debug|Any CPU.ActiveCfg = Debug|Any CPU
		{0D74AAEA-9800-4F51-9904-05D4913DD089}.Debug|Any CPU.Build.0 = Debug|Any CPU
		{0D74AAEA-9800-4F51-9904-05D4913DD089}.Debug|Mixed Platforms.ActiveCfg = Debug|Any CPU
		{0D74AAEA-9800-4F51-9904-05D4913DD089}.Debug|Mixed Platforms.Build.0 = Debug|Any CPU
		{0D74AAEA-9800-4F51-9904-05D4913DD089}.Debug|x86.ActiveCfg = Debug|Any CPU
		{0D74AAEA-9800-4F51-9904-05D4913DD089}.Release|Any CPU.ActiveCfg = Release|Any CPU
		{0D74AAEA-9800-4F51-9904-05D4913DD089}.Release|Any CPU.Build.0 = Release|Any CPU
		{0D74AAEA-9800-4F51-9904-05D4913DD089}.Release|Mixed Platforms.ActiveCfg = Release|Any CPU
		{0D74AAEA-9800-4F51-9904-05D4913DD089}.Release|Mixed Platforms.Build.0 = Release|Any CPU
		{0D74AAEA-9800-4F51-9904-05D4913DD089}.Release|x86.ActiveCfg = Release|Any CPU
		{71FA479D-DC0F-446A-A620-259932BFB051}.Debug|Any CPU.ActiveCfg = Debug|Any CPU
		{71FA479D-DC0F-446A-A620-259932BFB051}.Debug|Any CPU.Build.0 = Debug|Any CPU
		{71FA479D-DC0F-446A-A620-259932BFB051}.Debug|Mixed Platforms.ActiveCfg = Debug|Any CPU
		{71FA479D-DC0F-446A-A620-259932BFB051}.Debug|Mixed Platforms.Build.0 = Debug|Any CPU
		{71FA479D-DC0F-446A-A620-259932BFB051}.Debug|x86.ActiveCfg = Debug|Any CPU
		{71FA479D-DC0F-446A-A620-259932BFB051}.Release|Any CPU.ActiveCfg = Release|Any CPU
		{71FA479D-DC0F-446A-A620-259932BFB051}.Release|Any CPU.Build.0 = Release|Any CPU
		{71FA479D-DC0F-446A-A620-259932BFB051}.Release|Mixed Platforms.ActiveCfg = Release|Any CPU
		{71FA479D-DC0F-446A-A620-259932BFB051}.Release|Mixed Platforms.Build.0 = Release|Any CPU
		{71FA479D-DC0F-446A-A620-259932BFB051}.Release|x86.ActiveCfg = Release|Any CPU
		{0C75EF71-F1BB-437F-A388-71635AD78106}.Debug|Any CPU.ActiveCfg = Debug|Any CPU
		{0C75EF71-F1BB-437F-A388-71635AD78106}.Debug|Any CPU.Build.0 = Debug|Any CPU
		{0C75EF71-F1BB-437F-A388-71635AD78106}.Debug|Mixed Platforms.ActiveCfg = Debug|Any CPU
		{0C75EF71-F1BB-437F-A388-71635AD78106}.Debug|Mixed Platforms.Build.0 = Debug|Any CPU
		{0C75EF71-F1BB-437F-A388-71635AD78106}.Debug|x86.ActiveCfg = Debug|Any CPU
		{0C75EF71-F1BB-437F-A388-71635AD78106}.Release|Any CPU.ActiveCfg = Release|Any CPU
		{0C75EF71-F1BB-437F-A388-71635AD78106}.Release|Any CPU.Build.0 = Release|Any CPU
		{0C75EF71-F1BB-437F-A388-71635AD78106}.Release|Mixed Platforms.ActiveCfg = Release|Any CPU
		{0C75EF71-F1BB-437F-A388-71635AD78106}.Release|Mixed Platforms.Build.0 = Release|Any CPU
		{0C75EF71-F1BB-437F-A388-71635AD78106}.Release|x86.ActiveCfg = Release|Any CPU
		{CEEB8690-3E08-4440-B647-787A58E71CFA}.Debug|Any CPU.ActiveCfg = Debug|Any CPU
		{CEEB8690-3E08-4440-B647-787A58E71CFA}.Debug|Any CPU.Build.0 = Debug|Any CPU
		{CEEB8690-3E08-4440-B647-787A58E71CFA}.Debug|Mixed Platforms.ActiveCfg = Debug|Any CPU
		{CEEB8690-3E08-4440-B647-787A58E71CFA}.Debug|Mixed Platforms.Build.0 = Debug|Any CPU
		{CEEB8690-3E08-4440-B647-787A58E71CFA}.Debug|x86.ActiveCfg = Debug|Any CPU
		{CEEB8690-3E08-4440-B647-787A58E71CFA}.Release|Any CPU.ActiveCfg = Release|Any CPU
		{CEEB8690-3E08-4440-B647-787A58E71CFA}.Release|Any CPU.Build.0 = Release|Any CPU
		{CEEB8690-3E08-4440-B647-787A58E71CFA}.Release|Mixed Platforms.ActiveCfg = Release|Any CPU
		{CEEB8690-3E08-4440-B647-787A58E71CFA}.Release|Mixed Platforms.Build.0 = Release|Any CPU
		{CEEB8690-3E08-4440-B647-787A58E71CFA}.Release|x86.ActiveCfg = Release|Any CPU
		{385E2EC3-885B-43D5-A86B-955692058BA0}.Debug|Any CPU.ActiveCfg = Debug|Any CPU
		{385E2EC3-885B-43D5-A86B-955692058BA0}.Debug|Any CPU.Build.0 = Debug|Any CPU
		{385E2EC3-885B-43D5-A86B-955692058BA0}.Debug|Mixed Platforms.ActiveCfg = Debug|Any CPU
		{385E2EC3-885B-43D5-A86B-955692058BA0}.Debug|Mixed Platforms.Build.0 = Debug|Any CPU
		{385E2EC3-885B-43D5-A86B-955692058BA0}.Debug|x86.ActiveCfg = Debug|Any CPU
		{385E2EC3-885B-43D5-A86B-955692058BA0}.Release|Any CPU.ActiveCfg = Release|Any CPU
		{385E2EC3-885B-43D5-A86B-955692058BA0}.Release|Any CPU.Build.0 = Release|Any CPU
		{385E2EC3-885B-43D5-A86B-955692058BA0}.Release|Mixed Platforms.ActiveCfg = Release|Any CPU
		{385E2EC3-885B-43D5-A86B-955692058BA0}.Release|x86.ActiveCfg = Release|Any CPU
		{DCCADF6C-7E92-4BB7-A134-65AFB964A0BD}.Debug|Any CPU.ActiveCfg = Debug|Any CPU
		{DCCADF6C-7E92-4BB7-A134-65AFB964A0BD}.Debug|Any CPU.Build.0 = Debug|Any CPU
		{DCCADF6C-7E92-4BB7-A134-65AFB964A0BD}.Debug|Mixed Platforms.ActiveCfg = Debug|Any CPU
		{DCCADF6C-7E92-4BB7-A134-65AFB964A0BD}.Debug|Mixed Platforms.Build.0 = Debug|Any CPU
		{DCCADF6C-7E92-4BB7-A134-65AFB964A0BD}.Debug|x86.ActiveCfg = Debug|x86
		{DCCADF6C-7E92-4BB7-A134-65AFB964A0BD}.Release|Any CPU.ActiveCfg = Release|Any CPU
		{DCCADF6C-7E92-4BB7-A134-65AFB964A0BD}.Release|Any CPU.Build.0 = Release|Any CPU
		{DCCADF6C-7E92-4BB7-A134-65AFB964A0BD}.Release|Mixed Platforms.ActiveCfg = Release|Any CPU
		{DCCADF6C-7E92-4BB7-A134-65AFB964A0BD}.Release|x86.ActiveCfg = Release|x86
		{537B7B50-F8DC-4522-BD8C-DD94E9C88E57}.Debug|Any CPU.ActiveCfg = Debug|Any CPU
		{537B7B50-F8DC-4522-BD8C-DD94E9C88E57}.Debug|Any CPU.Build.0 = Debug|Any CPU
		{537B7B50-F8DC-4522-BD8C-DD94E9C88E57}.Debug|Mixed Platforms.ActiveCfg = Debug|Any CPU
		{537B7B50-F8DC-4522-BD8C-DD94E9C88E57}.Debug|Mixed Platforms.Build.0 = Debug|Any CPU
		{537B7B50-F8DC-4522-BD8C-DD94E9C88E57}.Debug|x86.ActiveCfg = Debug|Any CPU
		{537B7B50-F8DC-4522-BD8C-DD94E9C88E57}.Release|Any CPU.ActiveCfg = Release|Any CPU
		{537B7B50-F8DC-4522-BD8C-DD94E9C88E57}.Release|Any CPU.Build.0 = Release|Any CPU
		{537B7B50-F8DC-4522-BD8C-DD94E9C88E57}.Release|Mixed Platforms.ActiveCfg = Release|Any CPU
		{537B7B50-F8DC-4522-BD8C-DD94E9C88E57}.Release|x86.ActiveCfg = Release|Any CPU
		{C1068ED1-6696-437C-8969-CA476D142314}.Debug|Any CPU.ActiveCfg = Debug|Any CPU
		{C1068ED1-6696-437C-8969-CA476D142314}.Debug|Any CPU.Build.0 = Debug|Any CPU
		{C1068ED1-6696-437C-8969-CA476D142314}.Debug|Mixed Platforms.ActiveCfg = Debug|Any CPU
		{C1068ED1-6696-437C-8969-CA476D142314}.Debug|Mixed Platforms.Build.0 = Debug|Any CPU
		{C1068ED1-6696-437C-8969-CA476D142314}.Debug|x86.ActiveCfg = Debug|Any CPU
		{C1068ED1-6696-437C-8969-CA476D142314}.Release|Any CPU.ActiveCfg = Release|Any CPU
		{C1068ED1-6696-437C-8969-CA476D142314}.Release|Any CPU.Build.0 = Release|Any CPU
		{C1068ED1-6696-437C-8969-CA476D142314}.Release|Mixed Platforms.ActiveCfg = Release|Any CPU
		{C1068ED1-6696-437C-8969-CA476D142314}.Release|x86.ActiveCfg = Release|Any CPU
		{C8ECCFD0-FC8C-43EF-B46F-5FA362DA5B85}.Debug|Any CPU.ActiveCfg = Debug|Any CPU
		{C8ECCFD0-FC8C-43EF-B46F-5FA362DA5B85}.Debug|Any CPU.Build.0 = Debug|Any CPU
		{C8ECCFD0-FC8C-43EF-B46F-5FA362DA5B85}.Debug|Mixed Platforms.ActiveCfg = Debug|Any CPU
		{C8ECCFD0-FC8C-43EF-B46F-5FA362DA5B85}.Debug|Mixed Platforms.Build.0 = Debug|Any CPU
		{C8ECCFD0-FC8C-43EF-B46F-5FA362DA5B85}.Debug|x86.ActiveCfg = Debug|Any CPU
		{C8ECCFD0-FC8C-43EF-B46F-5FA362DA5B85}.Release|Any CPU.ActiveCfg = Release|Any CPU
		{C8ECCFD0-FC8C-43EF-B46F-5FA362DA5B85}.Release|Any CPU.Build.0 = Release|Any CPU
		{C8ECCFD0-FC8C-43EF-B46F-5FA362DA5B85}.Release|Mixed Platforms.ActiveCfg = Release|Any CPU
		{C8ECCFD0-FC8C-43EF-B46F-5FA362DA5B85}.Release|Mixed Platforms.Build.0 = Release|Any CPU
		{C8ECCFD0-FC8C-43EF-B46F-5FA362DA5B85}.Release|x86.ActiveCfg = Release|Any CPU
		{3F9185F1-0F9D-4468-929D-E95C4C41BA1E}.Debug|Any CPU.ActiveCfg = Debug|Any CPU
		{3F9185F1-0F9D-4468-929D-E95C4C41BA1E}.Debug|Any CPU.Build.0 = Debug|Any CPU
		{3F9185F1-0F9D-4468-929D-E95C4C41BA1E}.Debug|Mixed Platforms.ActiveCfg = Debug|Any CPU
		{3F9185F1-0F9D-4468-929D-E95C4C41BA1E}.Debug|Mixed Platforms.Build.0 = Debug|Any CPU
		{3F9185F1-0F9D-4468-929D-E95C4C41BA1E}.Debug|x86.ActiveCfg = Debug|Any CPU
		{3F9185F1-0F9D-4468-929D-E95C4C41BA1E}.Release|Any CPU.ActiveCfg = Release|Any CPU
		{3F9185F1-0F9D-4468-929D-E95C4C41BA1E}.Release|Any CPU.Build.0 = Release|Any CPU
		{3F9185F1-0F9D-4468-929D-E95C4C41BA1E}.Release|Mixed Platforms.ActiveCfg = Release|Any CPU
		{3F9185F1-0F9D-4468-929D-E95C4C41BA1E}.Release|Mixed Platforms.Build.0 = Release|Any CPU
		{3F9185F1-0F9D-4468-929D-E95C4C41BA1E}.Release|x86.ActiveCfg = Release|Any CPU
	EndGlobalSection
	GlobalSection(SolutionProperties) = preSolution
		HideSolutionNode = FALSE
	EndGlobalSection
EndGlobal
